// !$*UTF8*$!
{
	archiveVersion = 1;
	classes = {
	};
	objectVersion = 50;
	objects = {

/* Begin PBXBuildFile section */
		29769FE8252B7ADC00F23B7B /* AppDelegate.swift in Sources */ = {isa = PBXBuildFile; fileRef = 29769FE7252B7ADC00F23B7B /* AppDelegate.swift */; };
		29769FEA252B7ADC00F23B7B /* SceneDelegate.swift in Sources */ = {isa = PBXBuildFile; fileRef = 29769FE9252B7ADC00F23B7B /* SceneDelegate.swift */; };
		29769FEC252B7ADC00F23B7B /* ViewController.swift in Sources */ = {isa = PBXBuildFile; fileRef = 29769FEB252B7ADC00F23B7B /* ViewController.swift */; };
		29769FEF252B7ADC00F23B7B /* Main.storyboard in Resources */ = {isa = PBXBuildFile; fileRef = 29769FED252B7ADC00F23B7B /* Main.storyboard */; };
		29769FF1252B7ADD00F23B7B /* Assets.xcassets in Resources */ = {isa = PBXBuildFile; fileRef = 29769FF0252B7ADD00F23B7B /* Assets.xcassets */; };
		29769FF4252B7ADD00F23B7B /* LaunchScreen.storyboard in Resources */ = {isa = PBXBuildFile; fileRef = 29769FF2252B7ADD00F23B7B /* LaunchScreen.storyboard */; };
		29769FFF252B7ADD00F23B7B /* MyProjectTests.swift in Sources */ = {isa = PBXBuildFile; fileRef = 29769FFE252B7ADD00F23B7B /* MyProjectTests.swift */; };
		2976A00A252B7ADD00F23B7B /* MyProjectUITests.swift in Sources */ = {isa = PBXBuildFile; fileRef = 2976A009252B7ADD00F23B7B /* MyProjectUITests.swift */; };
/* End PBXBuildFile section */

/* Begin PBXContainerItemProxy section */
		29769FFB252B7ADD00F23B7B /* PBXContainerItemProxy */ = {
			isa = PBXContainerItemProxy;
			containerPortal = 29769FDC252B7ADC00F23B7B /* Project object */;
			proxyType = 1;
			remoteGlobalIDString = 29769FE3252B7ADC00F23B7B;
			remoteInfo = MyProject;
		};
		2976A006252B7ADD00F23B7B /* PBXContainerItemProxy */ = {
			isa = PBXContainerItemProxy;
			containerPortal = 29769FDC252B7ADC00F23B7B /* Project object */;
			proxyType = 1;
			remoteGlobalIDString = 29769FE3252B7ADC00F23B7B;
			remoteInfo = MyProject;
		};
/* End PBXContainerItemProxy section */

/* Begin PBXFileReference section */
		29769FE4252B7ADC00F23B7B /* MyProject.app */ = {isa = PBXFileReference; explicitFileType = wrapper.application; includeInIndex = 0; path = MyProject.app; sourceTree = BUILT_PRODUCTS_DIR; };
		29769FE7252B7ADC00F23B7B /* AppDelegate.swift */ = {isa = PBXFileReference; lastKnownFileType = sourcecode.swift; path = AppDelegate.swift; sourceTree = "<group>"; };
		29769FE9252B7ADC00F23B7B /* SceneDelegate.swift */ = {isa = PBXFileReference; lastKnownFileType = sourcecode.swift; path = SceneDelegate.swift; sourceTree = "<group>"; };
		29769FEB252B7ADC00F23B7B /* ViewController.swift */ = {isa = PBXFileReference; lastKnownFileType = sourcecode.swift; path = ViewController.swift; sourceTree = "<group>"; };
		29769FEE252B7ADC00F23B7B /* Base */ = {isa = PBXFileReference; lastKnownFileType = file.storyboard; name = Base; path = Base.lproj/Main.storyboard; sourceTree = "<group>"; };
		29769FF0252B7ADD00F23B7B /* Assets.xcassets */ = {isa = PBXFileReference; lastKnownFileType = folder.assetcatalog; path = Assets.xcassets; sourceTree = "<group>"; };
		29769FF3252B7ADD00F23B7B /* Base */ = {isa = PBXFileReference; lastKnownFileType = file.storyboard; name = Base; path = Base.lproj/LaunchScreen.storyboard; sourceTree = "<group>"; };
		29769FF5252B7ADD00F23B7B /* Info.plist */ = {isa = PBXFileReference; lastKnownFileType = text.plist.xml; path = Info.plist; sourceTree = "<group>"; };
		29769FFA252B7ADD00F23B7B /* MyProjectTests.xctest */ = {isa = PBXFileReference; explicitFileType = wrapper.cfbundle; includeInIndex = 0; path = MyProjectTests.xctest; sourceTree = BUILT_PRODUCTS_DIR; };
		29769FFE252B7ADD00F23B7B /* MyProjectTests.swift */ = {isa = PBXFileReference; lastKnownFileType = sourcecode.swift; path = MyProjectTests.swift; sourceTree = "<group>"; };
		2976A000252B7ADD00F23B7B /* Info.plist */ = {isa = PBXFileReference; lastKnownFileType = text.plist.xml; path = Info.plist; sourceTree = "<group>"; };
		2976A005252B7ADD00F23B7B /* MyProjectUITests.xctest */ = {isa = PBXFileReference; explicitFileType = wrapper.cfbundle; includeInIndex = 0; path = MyProjectUITests.xctest; sourceTree = BUILT_PRODUCTS_DIR; };
		2976A009252B7ADD00F23B7B /* MyProjectUITests.swift */ = {isa = PBXFileReference; lastKnownFileType = sourcecode.swift; path = MyProjectUITests.swift; sourceTree = "<group>"; };
		2976A00B252B7ADD00F23B7B /* Info.plist */ = {isa = PBXFileReference; lastKnownFileType = text.plist.xml; path = Info.plist; sourceTree = "<group>"; };
/* End PBXFileReference section */

/* Begin PBXFrameworksBuildPhase section */
		29769FE1252B7ADC00F23B7B /* Frameworks */ = {
			isa = PBXFrameworksBuildPhase;
			buildActionMask = 2147483647;
			files = (
			);
			runOnlyForDeploymentPostprocessing = 0;
		};
		29769FF7252B7ADD00F23B7B /* Frameworks */ = {
			isa = PBXFrameworksBuildPhase;
			buildActionMask = 2147483647;
			files = (
			);
			runOnlyForDeploymentPostprocessing = 0;
		};
		2976A002252B7ADD00F23B7B /* Frameworks */ = {
			isa = PBXFrameworksBuildPhase;
			buildActionMask = 2147483647;
			files = (
			);
			runOnlyForDeploymentPostprocessing = 0;
		};
/* End PBXFrameworksBuildPhase section */

/* Begin PBXGroup section */
		29769FDB252B7ADC00F23B7B = {
			isa = PBXGroup;
			children = (
				29769FE6252B7ADC00F23B7B /* MyProject */,
				29769FFD252B7ADD00F23B7B /* MyProjectTests */,
				2976A008252B7ADD00F23B7B /* MyProjectUITests */,
				29769FE5252B7ADC00F23B7B /* Products */,
			);
			sourceTree = "<group>";
		};
		29769FE5252B7ADC00F23B7B /* Products */ = {
			isa = PBXGroup;
			children = (
				29769FE4252B7ADC00F23B7B /* MyProject.app */,
				29769FFA252B7ADD00F23B7B /* MyProjectTests.xctest */,
				2976A005252B7ADD00F23B7B /* MyProjectUITests.xctest */,
			);
			name = Products;
			sourceTree = "<group>";
		};
		29769FE6252B7ADC00F23B7B /* MyProject */ = {
			isa = PBXGroup;
			children = (
				29769FE7252B7ADC00F23B7B /* AppDelegate.swift */,
				29769FE9252B7ADC00F23B7B /* SceneDelegate.swift */,
				29769FEB252B7ADC00F23B7B /* ViewController.swift */,
				29769FED252B7ADC00F23B7B /* Main.storyboard */,
				29769FF0252B7ADD00F23B7B /* Assets.xcassets */,
				29769FF2252B7ADD00F23B7B /* LaunchScreen.storyboard */,
				29769FF5252B7ADD00F23B7B /* Info.plist */,
			);
			path = MyProject;
			sourceTree = "<group>";
		};
		29769FFD252B7ADD00F23B7B /* MyProjectTests */ = {
			isa = PBXGroup;
			children = (
				29769FFE252B7ADD00F23B7B /* MyProjectTests.swift */,
				2976A000252B7ADD00F23B7B /* Info.plist */,
			);
			path = MyProjectTests;
			sourceTree = "<group>";
		};
		2976A008252B7ADD00F23B7B /* MyProjectUITests */ = {
			isa = PBXGroup;
			children = (
				2976A009252B7ADD00F23B7B /* MyProjectUITests.swift */,
				2976A00B252B7ADD00F23B7B /* Info.plist */,
			);
			path = MyProjectUITests;
			sourceTree = "<group>";
		};
/* End PBXGroup section */

/* Begin PBXNativeTarget section */
		29769FE3252B7ADC00F23B7B /* MyProject */ = {
			isa = PBXNativeTarget;
			buildConfigurationList = 2976A00E252B7ADD00F23B7B /* Build configuration list for PBXNativeTarget "MyProject" */;
			buildPhases = (
				29769FE0252B7ADC00F23B7B /* Sources */,
				29769FE1252B7ADC00F23B7B /* Frameworks */,
				29769FE2252B7ADC00F23B7B /* Resources */,
			);
			buildRules = (
			);
			dependencies = (
			);
			name = MyProject;
			productName = MyProject;
			productReference = 29769FE4252B7ADC00F23B7B /* MyProject.app */;
			productType = "com.apple.product-type.application";
		};
		29769FF9252B7ADD00F23B7B /* MyProjectTests */ = {
			isa = PBXNativeTarget;
			buildConfigurationList = 2976A011252B7ADD00F23B7B /* Build configuration list for PBXNativeTarget "MyProjectTests" */;
			buildPhases = (
				29769FF6252B7ADD00F23B7B /* Sources */,
				29769FF7252B7ADD00F23B7B /* Frameworks */,
				29769FF8252B7ADD00F23B7B /* Resources */,
			);
			buildRules = (
			);
			dependencies = (
				29769FFC252B7ADD00F23B7B /* PBXTargetDependency */,
			);
			name = MyProjectTests;
			productName = MyProjectTests;
			productReference = 29769FFA252B7ADD00F23B7B /* MyProjectTests.xctest */;
			productType = "com.apple.product-type.bundle.unit-test";
		};
		2976A004252B7ADD00F23B7B /* MyProjectUITests */ = {
			isa = PBXNativeTarget;
			buildConfigurationList = 2976A014252B7ADD00F23B7B /* Build configuration list for PBXNativeTarget "MyProjectUITests" */;
			buildPhases = (
				2976A001252B7ADD00F23B7B /* Sources */,
				2976A002252B7ADD00F23B7B /* Frameworks */,
				2976A003252B7ADD00F23B7B /* Resources */,
			);
			buildRules = (
			);
			dependencies = (
				2976A007252B7ADD00F23B7B /* PBXTargetDependency */,
			);
			name = MyProjectUITests;
			productName = MyProjectUITests;
			productReference = 2976A005252B7ADD00F23B7B /* MyProjectUITests.xctest */;
			productType = "com.apple.product-type.bundle.ui-testing";
		};
/* End PBXNativeTarget section */

/* Begin PBXProject section */
		29769FDC252B7ADC00F23B7B /* Project object */ = {
			isa = PBXProject;
			attributes = {
				LastSwiftUpdateCheck = 1130;
				LastUpgradeCheck = 1130;
				ORGANIZATIONNAME = "Georhii Kasilov";
				TargetAttributes = {
					29769FE3252B7ADC00F23B7B = {
						CreatedOnToolsVersion = 11.3.1;
					};
					29769FF9252B7ADD00F23B7B = {
						CreatedOnToolsVersion = 11.3.1;
						TestTargetID = 29769FE3252B7ADC00F23B7B;
					};
					2976A004252B7ADD00F23B7B = {
						CreatedOnToolsVersion = 11.3.1;
						TestTargetID = 29769FE3252B7ADC00F23B7B;
					};
				};
			};
			buildConfigurationList = 29769FDF252B7ADC00F23B7B /* Build configuration list for PBXProject "MyProject" */;
			compatibilityVersion = "Xcode 9.3";
			developmentRegion = en;
			hasScannedForEncodings = 0;
			knownRegions = (
				en,
				Base,
			);
			mainGroup = 29769FDB252B7ADC00F23B7B;
			productRefGroup = 29769FE5252B7ADC00F23B7B /* Products */;
			projectDirPath = "";
			projectRoot = "";
			targets = (
				29769FE3252B7ADC00F23B7B /* MyProject */,
				29769FF9252B7ADD00F23B7B /* MyProjectTests */,
				2976A004252B7ADD00F23B7B /* MyProjectUITests */,
			);
		};
/* End PBXProject section */

/* Begin PBXResourcesBuildPhase section */
		29769FE2252B7ADC00F23B7B /* Resources */ = {
			isa = PBXResourcesBuildPhase;
			buildActionMask = 2147483647;
			files = (
				29769FF4252B7ADD00F23B7B /* LaunchScreen.storyboard in Resources */,
				29769FF1252B7ADD00F23B7B /* Assets.xcassets in Resources */,
				29769FEF252B7ADC00F23B7B /* Main.storyboard in Resources */,
			);
			runOnlyForDeploymentPostprocessing = 0;
		};
		29769FF8252B7ADD00F23B7B /* Resources */ = {
			isa = PBXResourcesBuildPhase;
			buildActionMask = 2147483647;
			files = (
			);
			runOnlyForDeploymentPostprocessing = 0;
		};
		2976A003252B7ADD00F23B7B /* Resources */ = {
			isa = PBXResourcesBuildPhase;
			buildActionMask = 2147483647;
			files = (
			);
			runOnlyForDeploymentPostprocessing = 0;
		};
/* End PBXResourcesBuildPhase section */

/* Begin PBXSourcesBuildPhase section */
		29769FE0252B7ADC00F23B7B /* Sources */ = {
			isa = PBXSourcesBuildPhase;
			buildActionMask = 2147483647;
			files = (
				29769FEC252B7ADC00F23B7B /* ViewController.swift in Sources */,
				29769FE8252B7ADC00F23B7B /* AppDelegate.swift in Sources */,
				29769FEA252B7ADC00F23B7B /* SceneDelegate.swift in Sources */,
			);
			runOnlyForDeploymentPostprocessing = 0;
		};
		29769FF6252B7ADD00F23B7B /* Sources */ = {
			isa = PBXSourcesBuildPhase;
			buildActionMask = 2147483647;
			files = (
				29769FFF252B7ADD00F23B7B /* MyProjectTests.swift in Sources */,
			);
			runOnlyForDeploymentPostprocessing = 0;
		};
		2976A001252B7ADD00F23B7B /* Sources */ = {
			isa = PBXSourcesBuildPhase;
			buildActionMask = 2147483647;
			files = (
				2976A00A252B7ADD00F23B7B /* MyProjectUITests.swift in Sources */,
			);
			runOnlyForDeploymentPostprocessing = 0;
		};
/* End PBXSourcesBuildPhase section */

/* Begin PBXTargetDependency section */
		29769FFC252B7ADD00F23B7B /* PBXTargetDependency */ = {
			isa = PBXTargetDependency;
			target = 29769FE3252B7ADC00F23B7B /* MyProject */;
			targetProxy = 29769FFB252B7ADD00F23B7B /* PBXContainerItemProxy */;
		};
		2976A007252B7ADD00F23B7B /* PBXTargetDependency */ = {
			isa = PBXTargetDependency;
			target = 29769FE3252B7ADC00F23B7B /* MyProject */;
			targetProxy = 2976A006252B7ADD00F23B7B /* PBXContainerItemProxy */;
		};
/* End PBXTargetDependency section */

/* Begin PBXVariantGroup section */
		29769FED252B7ADC00F23B7B /* Main.storyboard */ = {
			isa = PBXVariantGroup;
			children = (
				29769FEE252B7ADC00F23B7B /* Base */,
			);
			name = Main.storyboard;
			sourceTree = "<group>";
		};
		29769FF2252B7ADD00F23B7B /* LaunchScreen.storyboard */ = {
			isa = PBXVariantGroup;
			children = (
				29769FF3252B7ADD00F23B7B /* Base */,
			);
			name = LaunchScreen.storyboard;
			sourceTree = "<group>";
		};
/* End PBXVariantGroup section */

/* Begin XCBuildConfiguration section */
		2976A00C252B7ADD00F23B7B /* Debug */ = {
			isa = XCBuildConfiguration;
			buildSettings = {
				ALWAYS_SEARCH_USER_PATHS = NO;
				CLANG_ANALYZER_NONNULL = YES;
				CLANG_ANALYZER_NUMBER_OBJECT_CONVERSION = YES_AGGRESSIVE;
				CLANG_CXX_LANGUAGE_STANDARD = "gnu++14";
				CLANG_CXX_LIBRARY = "libc++";
				CLANG_ENABLE_MODULES = YES;
				CLANG_ENABLE_OBJC_ARC = YES;
				CLANG_ENABLE_OBJC_WEAK = YES;
				CLANG_WARN_BLOCK_CAPTURE_AUTORELEASING = YES;
				CLANG_WARN_BOOL_CONVERSION = YES;
				CLANG_WARN_COMMA = YES;
				CLANG_WARN_CONSTANT_CONVERSION = YES;
				CLANG_WARN_DEPRECATED_OBJC_IMPLEMENTATIONS = YES;
				CLANG_WARN_DIRECT_OBJC_ISA_USAGE = YES_ERROR;
				CLANG_WARN_DOCUMENTATION_COMMENTS = YES;
				CLANG_WARN_EMPTY_BODY = YES;
				CLANG_WARN_ENUM_CONVERSION = YES;
				CLANG_WARN_INFINITE_RECURSION = YES;
				CLANG_WARN_INT_CONVERSION = YES;
				CLANG_WARN_NON_LITERAL_NULL_CONVERSION = YES;
				CLANG_WARN_OBJC_IMPLICIT_RETAIN_SELF = YES;
				CLANG_WARN_OBJC_LITERAL_CONVERSION = YES;
				CLANG_WARN_OBJC_ROOT_CLASS = YES_ERROR;
				CLANG_WARN_RANGE_LOOP_ANALYSIS = YES;
				CLANG_WARN_STRICT_PROTOTYPES = YES;
				CLANG_WARN_SUSPICIOUS_MOVE = YES;
				CLANG_WARN_UNGUARDED_AVAILABILITY = YES_AGGRESSIVE;
				CLANG_WARN_UNREACHABLE_CODE = YES;
				CLANG_WARN__DUPLICATE_METHOD_MATCH = YES;
				COPY_PHASE_STRIP = NO;
				DEBUG_INFORMATION_FORMAT = dwarf;
				ENABLE_STRICT_OBJC_MSGSEND = YES;
				ENABLE_TESTABILITY = YES;
				GCC_C_LANGUAGE_STANDARD = gnu11;
				GCC_DYNAMIC_NO_PIC = NO;
				GCC_NO_COMMON_BLOCKS = YES;
				GCC_OPTIMIZATION_LEVEL = 0;
				GCC_PREPROCESSOR_DEFINITIONS = (
					"DEBUG=1",
					"$(inherited)",
				);
				GCC_WARN_64_TO_32_BIT_CONVERSION = YES;
				GCC_WARN_ABOUT_RETURN_TYPE = YES_ERROR;
				GCC_WARN_UNDECLARED_SELECTOR = YES;
				GCC_WARN_UNINITIALIZED_AUTOS = YES_AGGRESSIVE;
				GCC_WARN_UNUSED_FUNCTION = YES;
				GCC_WARN_UNUSED_VARIABLE = YES;
				IPHONEOS_DEPLOYMENT_TARGET = 13.2;
				MTL_ENABLE_DEBUG_INFO = INCLUDE_SOURCE;
				MTL_FAST_MATH = YES;
				ONLY_ACTIVE_ARCH = YES;
				SDKROOT = iphoneos;
				SWIFT_ACTIVE_COMPILATION_CONDITIONS = DEBUG;
				SWIFT_OPTIMIZATION_LEVEL = "-Onone";
			};
			name = Debug;
		};
		2976A00D252B7ADD00F23B7B /* Release */ = {
			isa = XCBuildConfiguration;
			buildSettings = {
				ALWAYS_SEARCH_USER_PATHS = NO;
				CLANG_ANALYZER_NONNULL = YES;
				CLANG_ANALYZER_NUMBER_OBJECT_CONVERSION = YES_AGGRESSIVE;
				CLANG_CXX_LANGUAGE_STANDARD = "gnu++14";
				CLANG_CXX_LIBRARY = "libc++";
				CLANG_ENABLE_MODULES = YES;
				CLANG_ENABLE_OBJC_ARC = YES;
				CLANG_ENABLE_OBJC_WEAK = YES;
				CLANG_WARN_BLOCK_CAPTURE_AUTORELEASING = YES;
				CLANG_WARN_BOOL_CONVERSION = YES;
				CLANG_WARN_COMMA = YES;
				CLANG_WARN_CONSTANT_CONVERSION = YES;
				CLANG_WARN_DEPRECATED_OBJC_IMPLEMENTATIONS = YES;
				CLANG_WARN_DIRECT_OBJC_ISA_USAGE = YES_ERROR;
				CLANG_WARN_DOCUMENTATION_COMMENTS = YES;
				CLANG_WARN_EMPTY_BODY = YES;
				CLANG_WARN_ENUM_CONVERSION = YES;
				CLANG_WARN_INFINITE_RECURSION = YES;
				CLANG_WARN_INT_CONVERSION = YES;
				CLANG_WARN_NON_LITERAL_NULL_CONVERSION = YES;
				CLANG_WARN_OBJC_IMPLICIT_RETAIN_SELF = YES;
				CLANG_WARN_OBJC_LITERAL_CONVERSION = YES;
				CLANG_WARN_OBJC_ROOT_CLASS = YES_ERROR;
				CLANG_WARN_RANGE_LOOP_ANALYSIS = YES;
				CLANG_WARN_STRICT_PROTOTYPES = YES;
				CLANG_WARN_SUSPICIOUS_MOVE = YES;
				CLANG_WARN_UNGUARDED_AVAILABILITY = YES_AGGRESSIVE;
				CLANG_WARN_UNREACHABLE_CODE = YES;
				CLANG_WARN__DUPLICATE_METHOD_MATCH = YES;
				COPY_PHASE_STRIP = NO;
				DEBUG_INFORMATION_FORMAT = "dwarf-with-dsym";
				ENABLE_NS_ASSERTIONS = NO;
				ENABLE_STRICT_OBJC_MSGSEND = YES;
				GCC_C_LANGUAGE_STANDARD = gnu11;
				GCC_NO_COMMON_BLOCKS = YES;
				GCC_WARN_64_TO_32_BIT_CONVERSION = YES;
				GCC_WARN_ABOUT_RETURN_TYPE = YES_ERROR;
				GCC_WARN_UNDECLARED_SELECTOR = YES;
				GCC_WARN_UNINITIALIZED_AUTOS = YES_AGGRESSIVE;
				GCC_WARN_UNUSED_FUNCTION = YES;
				GCC_WARN_UNUSED_VARIABLE = YES;
				IPHONEOS_DEPLOYMENT_TARGET = 13.2;
				MTL_ENABLE_DEBUG_INFO = NO;
				MTL_FAST_MATH = YES;
				SDKROOT = iphoneos;
				SWIFT_COMPILATION_MODE = wholemodule;
				SWIFT_OPTIMIZATION_LEVEL = "-O";
				VALIDATE_PRODUCT = YES;
			};
			name = Release;
		};
		2976A00F252B7ADD00F23B7B /* Debug */ = {
			isa = XCBuildConfiguration;
			buildSettings = {
				ASSETCATALOG_COMPILER_APPICON_NAME = AppIcon;
				CODE_SIGN_STYLE = Automatic;
				INFOPLIST_FILE = MyProject/Info.plist;
				LD_RUNPATH_SEARCH_PATHS = (
					"$(inherited)",
					"@executable_path/Frameworks",
				);
				PRODUCT_BUNDLE_IDENTIFIER = com.bla.MyProject;
				PRODUCT_NAME = "$(TARGET_NAME)";
				SWIFT_VERSION = 5.0;
				TARGETED_DEVICE_FAMILY = "1,2";
			};
			name = Debug;
		};
		2976A010252B7ADD00F23B7B /* Release */ = {
			isa = XCBuildConfiguration;
			buildSettings = {
				ASSETCATALOG_COMPILER_APPICON_NAME = AppIcon;
				CODE_SIGN_STYLE = Automatic;
				INFOPLIST_FILE = MyProject/Info.plist;
				LD_RUNPATH_SEARCH_PATHS = (
					"$(inherited)",
					"@executable_path/Frameworks",
				);
				PRODUCT_BUNDLE_IDENTIFIER = com.bla.MyProject;
				PRODUCT_NAME = "$(TARGET_NAME)";
				SWIFT_VERSION = 5.0;
				TARGETED_DEVICE_FAMILY = "1,2";
			};
			name = Release;
		};
		2976A012252B7ADD00F23B7B /* Debug */ = {
			isa = XCBuildConfiguration;
			buildSettings = {
				ALWAYS_EMBED_SWIFT_STANDARD_LIBRARIES = YES;
				BUNDLE_LOADER = "$(TEST_HOST)";
				CODE_SIGN_STYLE = Automatic;
				INFOPLIST_FILE = MyProjectTests/Info.plist;
				IPHONEOS_DEPLOYMENT_TARGET = 13.2;
				LD_RUNPATH_SEARCH_PATHS = (
					"$(inherited)",
					"@executable_path/Frameworks",
					"@loader_path/Frameworks",
				);
				PRODUCT_BUNDLE_IDENTIFIER = "-2.MyProjectTests";
				PRODUCT_NAME = "$(TARGET_NAME)";
				SWIFT_VERSION = 5.0;
				TARGETED_DEVICE_FAMILY = "1,2";
				TEST_HOST = "$(BUILT_PRODUCTS_DIR)/MyProject.app/MyProject";
			};
			name = Debug;
		};
		2976A013252B7ADD00F23B7B /* Release */ = {
			isa = XCBuildConfiguration;
			buildSettings = {
				ALWAYS_EMBED_SWIFT_STANDARD_LIBRARIES = YES;
				BUNDLE_LOADER = "$(TEST_HOST)";
				CODE_SIGN_STYLE = Automatic;
				INFOPLIST_FILE = MyProjectTests/Info.plist;
				IPHONEOS_DEPLOYMENT_TARGET = 13.2;
				LD_RUNPATH_SEARCH_PATHS = (
					"$(inherited)",
					"@executable_path/Frameworks",
					"@loader_path/Frameworks",
				);
				PRODUCT_BUNDLE_IDENTIFIER = "-2.MyProjectTests";
				PRODUCT_NAME = "$(TARGET_NAME)";
				SWIFT_VERSION = 5.0;
				TARGETED_DEVICE_FAMILY = "1,2";
				TEST_HOST = "$(BUILT_PRODUCTS_DIR)/MyProject.app/MyProject";
			};
			name = Release;
		};
		2976A015252B7ADD00F23B7B /* Debug */ = {
			isa = XCBuildConfiguration;
			buildSettings = {
				ALWAYS_EMBED_SWIFT_STANDARD_LIBRARIES = YES;
				CODE_SIGN_STYLE = Automatic;
				INFOPLIST_FILE = MyProjectUITests/Info.plist;
				LD_RUNPATH_SEARCH_PATHS = (
					"$(inherited)",
					"@executable_path/Frameworks",
					"@loader_path/Frameworks",
				);
				PRODUCT_BUNDLE_IDENTIFIER = "-2.MyProjectUITests";
				PRODUCT_NAME = "$(TARGET_NAME)";
				SWIFT_VERSION = 5.0;
				TARGETED_DEVICE_FAMILY = "1,2";
				TEST_TARGET_NAME = MyProject;
			};
			name = Debug;
		};
		2976A016252B7ADD00F23B7B /* Release */ = {
			isa = XCBuildConfiguration;
			buildSettings = {
				ALWAYS_EMBED_SWIFT_STANDARD_LIBRARIES = YES;
				CODE_SIGN_STYLE = Automatic;
				INFOPLIST_FILE = MyProjectUITests/Info.plist;
				LD_RUNPATH_SEARCH_PATHS = (
					"$(inherited)",
					"@executable_path/Frameworks",
					"@loader_path/Frameworks",
				);
				PRODUCT_BUNDLE_IDENTIFIER = "-2.MyProjectUITests";
				PRODUCT_NAME = "$(TARGET_NAME)";
				SWIFT_VERSION = 5.0;
				TARGETED_DEVICE_FAMILY = "1,2";
				TEST_TARGET_NAME = MyProject;
			};
			name = Release;
		};
/* End XCBuildConfiguration section */

/* Begin XCConfigurationList section */
		29769FDF252B7ADC00F23B7B /* Build configuration list for PBXProject "MyProject" */ = {
			isa = XCConfigurationList;
			buildConfigurations = (
				2976A00C252B7ADD00F23B7B /* Debug */,
				2976A00D252B7ADD00F23B7B /* Release */,
			);
			defaultConfigurationIsVisible = 0;
			defaultConfigurationName = Release;
		};
		2976A00E252B7ADD00F23B7B /* Build configuration list for PBXNativeTarget "MyProject" */ = {
			isa = XCConfigurationList;
			buildConfigurations = (
				2976A00F252B7ADD00F23B7B /* Debug */,
				2976A010252B7ADD00F23B7B /* Release */,
			);
			defaultConfigurationIsVisible = 0;
			defaultConfigurationName = Release;
		};
		2976A011252B7ADD00F23B7B /* Build configuration list for PBXNativeTarget "MyProjectTests" */ = {
			isa = XCConfigurationList;
			buildConfigurations = (
				2976A012252B7ADD00F23B7B /* Debug */,
				2976A013252B7ADD00F23B7B /* Release */,
			);
			defaultConfigurationIsVisible = 0;
			defaultConfigurationName = Release;
		};
		2976A014252B7ADD00F23B7B /* Build configuration list for PBXNativeTarget "MyProjectUITests" */ = {
			isa = XCConfigurationList;
			buildConfigurations = (
				2976A015252B7ADD00F23B7B /* Debug */,
				2976A016252B7ADD00F23B7B /* Release */,
			);
			defaultConfigurationIsVisible = 0;
			defaultConfigurationName = Release;
		};
/* End XCConfigurationList section */
	};
	rootObject = 29769FDC252B7ADC00F23B7B /* Project object */;
}
