// !$*UTF8*$!
{
	archiveVersion = 1;
	classes = {
	};
	objectVersion = 50;
	objects = {

/* Begin PBXBuildFile section */
		2965BDC12539E7B300B02B2C /* TextField.swift in Sources */ = {isa = PBXBuildFile; fileRef = 2965BDC02539E7B300B02B2C /* TextField.swift */; };
		2972580E2535B2B300C82D23 /* AppDelegate.swift in Sources */ = {isa = PBXBuildFile; fileRef = 2972580D2535B2B300C82D23 /* AppDelegate.swift */; };
		297258102535B2B300C82D23 /* SceneDelegate.swift in Sources */ = {isa = PBXBuildFile; fileRef = 2972580F2535B2B300C82D23 /* SceneDelegate.swift */; };
		297258122535B2B300C82D23 /* ViewController.swift in Sources */ = {isa = PBXBuildFile; fileRef = 297258112535B2B300C82D23 /* ViewController.swift */; };
		297258172535B2B400C82D23 /* Assets.xcassets in Resources */ = {isa = PBXBuildFile; fileRef = 297258162535B2B400C82D23 /* Assets.xcassets */; };
		2972581A2535B2B400C82D23 /* LaunchScreen.storyboard in Resources */ = {isa = PBXBuildFile; fileRef = 297258182535B2B400C82D23 /* LaunchScreen.storyboard */; };
		297258242535BB1D00C82D23 /* CustomView.swift in Sources */ = {isa = PBXBuildFile; fileRef = 297258232535BB1D00C82D23 /* CustomView.swift */; };
/* End PBXBuildFile section */

/* Begin PBXFileReference section */
		2965BDC02539E7B300B02B2C /* TextField.swift */ = {isa = PBXFileReference; lastKnownFileType = sourcecode.swift; path = TextField.swift; sourceTree = "<group>"; };
		2972580A2535B2B300C82D23 /* MyProjectFromCode.app */ = {isa = PBXFileReference; explicitFileType = wrapper.application; includeInIndex = 0; path = MyProjectFromCode.app; sourceTree = BUILT_PRODUCTS_DIR; };
		2972580D2535B2B300C82D23 /* AppDelegate.swift */ = {isa = PBXFileReference; lastKnownFileType = sourcecode.swift; path = AppDelegate.swift; sourceTree = "<group>"; };
		2972580F2535B2B300C82D23 /* SceneDelegate.swift */ = {isa = PBXFileReference; lastKnownFileType = sourcecode.swift; path = SceneDelegate.swift; sourceTree = "<group>"; };
		297258112535B2B300C82D23 /* ViewController.swift */ = {isa = PBXFileReference; lastKnownFileType = sourcecode.swift; path = ViewController.swift; sourceTree = "<group>"; };
		297258162535B2B400C82D23 /* Assets.xcassets */ = {isa = PBXFileReference; lastKnownFileType = folder.assetcatalog; path = Assets.xcassets; sourceTree = "<group>"; };
		297258192535B2B400C82D23 /* Base */ = {isa = PBXFileReference; lastKnownFileType = file.storyboard; name = Base; path = Base.lproj/LaunchScreen.storyboard; sourceTree = "<group>"; };
		2972581B2535B2B400C82D23 /* Info.plist */ = {isa = PBXFileReference; lastKnownFileType = text.plist.xml; path = Info.plist; sourceTree = "<group>"; };
		297258232535BB1D00C82D23 /* CustomView.swift */ = {isa = PBXFileReference; lastKnownFileType = sourcecode.swift; path = CustomView.swift; sourceTree = "<group>"; };
/* End PBXFileReference section */

/* Begin PBXFrameworksBuildPhase section */
		297258072535B2B300C82D23 /* Frameworks */ = {
			isa = PBXFrameworksBuildPhase;
			buildActionMask = 2147483647;
			files = (
			);
			runOnlyForDeploymentPostprocessing = 0;
		};
/* End PBXFrameworksBuildPhase section */

/* Begin PBXGroup section */
		297258012535B2B300C82D23 = {
			isa = PBXGroup;
			children = (
				2972580C2535B2B300C82D23 /* MyProjectFromCode */,
				2972580B2535B2B300C82D23 /* Products */,
			);
			sourceTree = "<group>";
		};
		2972580B2535B2B300C82D23 /* Products */ = {
			isa = PBXGroup;
			children = (
				2972580A2535B2B300C82D23 /* MyProjectFromCode.app */,
			);
			name = Products;
			sourceTree = "<group>";
		};
		2972580C2535B2B300C82D23 /* MyProjectFromCode */ = {
			isa = PBXGroup;
			children = (
				2965BDC02539E7B300B02B2C /* TextField.swift */,
				297258232535BB1D00C82D23 /* CustomView.swift */,
				2972580D2535B2B300C82D23 /* AppDelegate.swift */,
				2972580F2535B2B300C82D23 /* SceneDelegate.swift */,
				297258112535B2B300C82D23 /* ViewController.swift */,
				297258162535B2B400C82D23 /* Assets.xcassets */,
				297258182535B2B400C82D23 /* LaunchScreen.storyboard */,
				2972581B2535B2B400C82D23 /* Info.plist */,
			);
			path = MyProjectFromCode;
			sourceTree = "<group>";
		};
/* End PBXGroup section */

/* Begin PBXNativeTarget section */
		297258092535B2B300C82D23 /* MyProjectFromCode */ = {
			isa = PBXNativeTarget;
			buildConfigurationList = 2972581E2535B2B400C82D23 /* Build configuration list for PBXNativeTarget "MyProjectFromCode" */;
			buildPhases = (
				297258062535B2B300C82D23 /* Sources */,
				297258072535B2B300C82D23 /* Frameworks */,
				297258082535B2B300C82D23 /* Resources */,
			);
			buildRules = (
			);
			dependencies = (
			);
			name = MyProjectFromCode;
			productName = MyProjectFromCode;
			productReference = 2972580A2535B2B300C82D23 /* MyProjectFromCode.app */;
			productType = "com.apple.product-type.application";
		};
/* End PBXNativeTarget section */

/* Begin PBXProject section */
		297258022535B2B300C82D23 /* Project object */ = {
			isa = PBXProject;
			attributes = {
				LastSwiftUpdateCheck = 1130;
				LastUpgradeCheck = 1130;
				ORGANIZATIONNAME = "Georhii Kasilov";
				TargetAttributes = {
					297258092535B2B300C82D23 = {
						CreatedOnToolsVersion = 11.3.1;
					};
				};
			};
			buildConfigurationList = 297258052535B2B300C82D23 /* Build configuration list for PBXProject "MyProjectFromCode" */;
			compatibilityVersion = "Xcode 9.3";
			developmentRegion = en;
			hasScannedForEncodings = 0;
			knownRegions = (
				en,
				Base,
			);
			mainGroup = 297258012535B2B300C82D23;
			productRefGroup = 2972580B2535B2B300C82D23 /* Products */;
			projectDirPath = "";
			projectRoot = "";
			targets = (
				297258092535B2B300C82D23 /* MyProjectFromCode */,
			);
		};
/* End PBXProject section */

/* Begin PBXResourcesBuildPhase section */
		297258082535B2B300C82D23 /* Resources */ = {
			isa = PBXResourcesBuildPhase;
			buildActionMask = 2147483647;
			files = (
				2972581A2535B2B400C82D23 /* LaunchScreen.storyboard in Resources */,
				297258172535B2B400C82D23 /* Assets.xcassets in Resources */,
			);
			runOnlyForDeploymentPostprocessing = 0;
		};
/* End PBXResourcesBuildPhase section */

/* Begin PBXSourcesBuildPhase section */
		297258062535B2B300C82D23 /* Sources */ = {
			isa = PBXSourcesBuildPhase;
			buildActionMask = 2147483647;
			files = (
				297258122535B2B300C82D23 /* ViewController.swift in Sources */,
				297258242535BB1D00C82D23 /* CustomView.swift in Sources */,
				2972580E2535B2B300C82D23 /* AppDelegate.swift in Sources */,
				2965BDC12539E7B300B02B2C /* TextField.swift in Sources */,
				297258102535B2B300C82D23 /* SceneDelegate.swift in Sources */,
			);
			runOnlyForDeploymentPostprocessing = 0;
		};
/* End PBXSourcesBuildPhase section */

/* Begin PBXVariantGroup section */
		297258182535B2B400C82D23 /* LaunchScreen.storyboard */ = {
			isa = PBXVariantGroup;
			children = (
				297258192535B2B400C82D23 /* Base */,
			);
			name = LaunchScreen.storyboard;
			sourceTree = "<group>";
		};
/* End PBXVariantGroup section */

/* Begin XCBuildConfiguration section */
		2972581C2535B2B400C82D23 /* Debug */ = {
			isa = XCBuildConfiguration;
			buildSettings = {
				ALWAYS_SEARCH_USER_PATHS = NO;
				CLANG_ANALYZER_NONNULL = YES;
				CLANG_ANALYZER_NUMBER_OBJECT_CONVERSION = YES_AGGRESSIVE;
				CLANG_CXX_LANGUAGE_STANDARD = "gnu++14";
				CLANG_CXX_LIBRARY = "libc++";
				CLANG_ENABLE_MODULES = YES;
				CLANG_ENABLE_OBJC_ARC = YES;
				CLANG_ENABLE_OBJC_WEAK = YES;
				CLANG_WARN_BLOCK_CAPTURE_AUTORELEASING = YES;
				CLANG_WARN_BOOL_CONVERSION = YES;
				CLANG_WARN_COMMA = YES;
				CLANG_WARN_CONSTANT_CONVERSION = YES;
				CLANG_WARN_DEPRECATED_OBJC_IMPLEMENTATIONS = YES;
				CLANG_WARN_DIRECT_OBJC_ISA_USAGE = YES_ERROR;
				CLANG_WARN_DOCUMENTATION_COMMENTS = YES;
				CLANG_WARN_EMPTY_BODY = YES;
				CLANG_WARN_ENUM_CONVERSION = YES;
				CLANG_WARN_INFINITE_RECURSION = YES;
				CLANG_WARN_INT_CONVERSION = YES;
				CLANG_WARN_NON_LITERAL_NULL_CONVERSION = YES;
				CLANG_WARN_OBJC_IMPLICIT_RETAIN_SELF = YES;
				CLANG_WARN_OBJC_LITERAL_CONVERSION = YES;
				CLANG_WARN_OBJC_ROOT_CLASS = YES_ERROR;
				CLANG_WARN_RANGE_LOOP_ANALYSIS = YES;
				CLANG_WARN_STRICT_PROTOTYPES = YES;
				CLANG_WARN_SUSPICIOUS_MOVE = YES;
				CLANG_WARN_UNGUARDED_AVAILABILITY = YES_AGGRESSIVE;
				CLANG_WARN_UNREACHABLE_CODE = YES;
				CLANG_WARN__DUPLICATE_METHOD_MATCH = YES;
				COPY_PHASE_STRIP = NO;
				DEBUG_INFORMATION_FORMAT = dwarf;
				ENABLE_STRICT_OBJC_MSGSEND = YES;
				ENABLE_TESTABILITY = YES;
				GCC_C_LANGUAGE_STANDARD = gnu11;
				GCC_DYNAMIC_NO_PIC = NO;
				GCC_NO_COMMON_BLOCKS = YES;
				GCC_OPTIMIZATION_LEVEL = 0;
				GCC_PREPROCESSOR_DEFINITIONS = (
					"DEBUG=1",
					"$(inherited)",
				);
				GCC_WARN_64_TO_32_BIT_CONVERSION = YES;
				GCC_WARN_ABOUT_RETURN_TYPE = YES_ERROR;
				GCC_WARN_UNDECLARED_SELECTOR = YES;
				GCC_WARN_UNINITIALIZED_AUTOS = YES_AGGRESSIVE;
				GCC_WARN_UNUSED_FUNCTION = YES;
				GCC_WARN_UNUSED_VARIABLE = YES;
				IPHONEOS_DEPLOYMENT_TARGET = 13.2;
				MTL_ENABLE_DEBUG_INFO = INCLUDE_SOURCE;
				MTL_FAST_MATH = YES;
				ONLY_ACTIVE_ARCH = YES;
				SDKROOT = iphoneos;
				SWIFT_ACTIVE_COMPILATION_CONDITIONS = DEBUG;
				SWIFT_OPTIMIZATION_LEVEL = "-Onone";
			};
			name = Debug;
		};
		2972581D2535B2B400C82D23 /* Release */ = {
			isa = XCBuildConfiguration;
			buildSettings = {
				ALWAYS_SEARCH_USER_PATHS = NO;
				CLANG_ANALYZER_NONNULL = YES;
				CLANG_ANALYZER_NUMBER_OBJECT_CONVERSION = YES_AGGRESSIVE;
				CLANG_CXX_LANGUAGE_STANDARD = "gnu++14";
				CLANG_CXX_LIBRARY = "libc++";
				CLANG_ENABLE_MODULES = YES;
				CLANG_ENABLE_OBJC_ARC = YES;
				CLANG_ENABLE_OBJC_WEAK = YES;
				CLANG_WARN_BLOCK_CAPTURE_AUTORELEASING = YES;
				CLANG_WARN_BOOL_CONVERSION = YES;
				CLANG_WARN_COMMA = YES;
				CLANG_WARN_CONSTANT_CONVERSION = YES;
				CLANG_WARN_DEPRECATED_OBJC_IMPLEMENTATIONS = YES;
				CLANG_WARN_DIRECT_OBJC_ISA_USAGE = YES_ERROR;
				CLANG_WARN_DOCUMENTATION_COMMENTS = YES;
				CLANG_WARN_EMPTY_BODY = YES;
				CLANG_WARN_ENUM_CONVERSION = YES;
				CLANG_WARN_INFINITE_RECURSION = YES;
				CLANG_WARN_INT_CONVERSION = YES;
				CLANG_WARN_NON_LITERAL_NULL_CONVERSION = YES;
				CLANG_WARN_OBJC_IMPLICIT_RETAIN_SELF = YES;
				CLANG_WARN_OBJC_LITERAL_CONVERSION = YES;
				CLANG_WARN_OBJC_ROOT_CLASS = YES_ERROR;
				CLANG_WARN_RANGE_LOOP_ANALYSIS = YES;
				CLANG_WARN_STRICT_PROTOTYPES = YES;
				CLANG_WARN_SUSPICIOUS_MOVE = YES;
				CLANG_WARN_UNGUARDED_AVAILABILITY = YES_AGGRESSIVE;
				CLANG_WARN_UNREACHABLE_CODE = YES;
				CLANG_WARN__DUPLICATE_METHOD_MATCH = YES;
				COPY_PHASE_STRIP = NO;
				DEBUG_INFORMATION_FORMAT = "dwarf-with-dsym";
				ENABLE_NS_ASSERTIONS = NO;
				ENABLE_STRICT_OBJC_MSGSEND = YES;
				GCC_C_LANGUAGE_STANDARD = gnu11;
				GCC_NO_COMMON_BLOCKS = YES;
				GCC_WARN_64_TO_32_BIT_CONVERSION = YES;
				GCC_WARN_ABOUT_RETURN_TYPE = YES_ERROR;
				GCC_WARN_UNDECLARED_SELECTOR = YES;
				GCC_WARN_UNINITIALIZED_AUTOS = YES_AGGRESSIVE;
				GCC_WARN_UNUSED_FUNCTION = YES;
				GCC_WARN_UNUSED_VARIABLE = YES;
				IPHONEOS_DEPLOYMENT_TARGET = 13.2;
				MTL_ENABLE_DEBUG_INFO = NO;
				MTL_FAST_MATH = YES;
				SDKROOT = iphoneos;
				SWIFT_COMPILATION_MODE = wholemodule;
				SWIFT_OPTIMIZATION_LEVEL = "-O";
				VALIDATE_PRODUCT = YES;
			};
			name = Release;
		};
		2972581F2535B2B400C82D23 /* Debug */ = {
			isa = XCBuildConfiguration;
			buildSettings = {
				ASSETCATALOG_COMPILER_APPICON_NAME = AppIcon;
				CODE_SIGN_STYLE = Automatic;
				DEVELOPMENT_TEAM = H4CARJMF9X;
				INFOPLIST_FILE = MyProjectFromCode/Info.plist;
				LD_RUNPATH_SEARCH_PATHS = (
					"$(inherited)",
					"@executable_path/Frameworks",
				);
				PRODUCT_BUNDLE_IDENTIFIER = com.johnBrown.MyProjectFromCode;
				PRODUCT_NAME = "$(TARGET_NAME)";
				SWIFT_VERSION = 5.0;
				TARGETED_DEVICE_FAMILY = "1,2";
			};
			name = Debug;
		};
		297258202535B2B400C82D23 /* Release */ = {
			isa = XCBuildConfiguration;
			buildSettings = {
				ASSETCATALOG_COMPILER_APPICON_NAME = AppIcon;
				CODE_SIGN_STYLE = Automatic;
				DEVELOPMENT_TEAM = H4CARJMF9X;
				INFOPLIST_FILE = MyProjectFromCode/Info.plist;
				LD_RUNPATH_SEARCH_PATHS = (
					"$(inherited)",
					"@executable_path/Frameworks",
				);
				PRODUCT_BUNDLE_IDENTIFIER = com.johnBrown.MyProjectFromCode;
				PRODUCT_NAME = "$(TARGET_NAME)";
				SWIFT_VERSION = 5.0;
				TARGETED_DEVICE_FAMILY = "1,2";
			};
			name = Release;
		};
/* End XCBuildConfiguration section */

/* Begin XCConfigurationList section */
		297258052535B2B300C82D23 /* Build configuration list for PBXProject "MyProjectFromCode" */ = {
			isa = XCConfigurationList;
			buildConfigurations = (
				2972581C2535B2B400C82D23 /* Debug */,
				2972581D2535B2B400C82D23 /* Release */,
			);
			defaultConfigurationIsVisible = 0;
			defaultConfigurationName = Release;
		};
		2972581E2535B2B400C82D23 /* Build configuration list for PBXNativeTarget "MyProjectFromCode" */ = {
			isa = XCConfigurationList;
			buildConfigurations = (
				2972581F2535B2B400C82D23 /* Debug */,
				297258202535B2B400C82D23 /* Release */,
			);
			defaultConfigurationIsVisible = 0;
			defaultConfigurationName = Release;
		};
/* End XCConfigurationList section */
	};
	rootObject = 297258022535B2B300C82D23 /* Project object */;
}
